// !$*UTF8*$!
{
	archiveVersion = 1;
	classes = {
	};
	objectVersion = 46;
	objects = {

/* Begin PBXBuildFile section */
		749E75C129AAF1065EC2AB34 /* Pods_FabFlix.framework in Frameworks */ = {isa = PBXBuildFile; fileRef = A5CE9563897EF59DC8DD6670 /* Pods_FabFlix.framework */; settings = {ATTRIBUTES = (Weak, ); }; };
		760C8EFE1AAE76AA002EC23C /* Question.swift in Sources */ = {isa = PBXBuildFile; fileRef = 760C8EFD1AAE76AA002EC23C /* Question.swift */; };
		765765AB1AACF5C0009E07CD /* AppDelegate.swift in Sources */ = {isa = PBXBuildFile; fileRef = 765765AA1AACF5C0009E07CD /* AppDelegate.swift */; };
		765765B01AACF5C0009E07CD /* Main.storyboard in Resources */ = {isa = PBXBuildFile; fileRef = 765765AE1AACF5C0009E07CD /* Main.storyboard */; };
		765765B21AACF5C0009E07CD /* Images.xcassets in Resources */ = {isa = PBXBuildFile; fileRef = 765765B11AACF5C0009E07CD /* Images.xcassets */; };
		765765B51AACF5C0009E07CD /* LaunchScreen.xib in Resources */ = {isa = PBXBuildFile; fileRef = 765765B31AACF5C0009E07CD /* LaunchScreen.xib */; };
		765765C11AACF5C0009E07CD /* FabFlixTests.swift in Sources */ = {isa = PBXBuildFile; fileRef = 765765C01AACF5C0009E07CD /* FabFlixTests.swift */; };
		765765D91AACF623009E07CD /* AnswerTableViewCell.swift in Sources */ = {isa = PBXBuildFile; fileRef = 765765CA1AACF623009E07CD /* AnswerTableViewCell.swift */; };
		765765DA1AACF623009E07CD /* QuizSessionManager.swift in Sources */ = {isa = PBXBuildFile; fileRef = 765765CB1AACF623009E07CD /* QuizSessionManager.swift */; };
		765765DB1AACF623009E07CD /* BeginQuizViewController.swift in Sources */ = {isa = PBXBuildFile; fileRef = 765765CC1AACF623009E07CD /* BeginQuizViewController.swift */; };
		765765DC1AACF623009E07CD /* ResultsViewController.swift in Sources */ = {isa = PBXBuildFile; fileRef = 765765CD1AACF623009E07CD /* ResultsViewController.swift */; };
		765765DD1AACF623009E07CD /* QuestionViewController.swift in Sources */ = {isa = PBXBuildFile; fileRef = 765765CE1AACF623009E07CD /* QuestionViewController.swift */; };
		765765DE1AACF623009E07CD /* movies.csv in Resources */ = {isa = PBXBuildFile; fileRef = 765765D01AACF623009E07CD /* movies.csv */; };
		765765DF1AACF623009E07CD /* stars.csv in Resources */ = {isa = PBXBuildFile; fileRef = 765765D11AACF623009E07CD /* stars.csv */; };
		765765E01AACF623009E07CD /* stars_in_movies.csv in Resources */ = {isa = PBXBuildFile; fileRef = 765765D21AACF623009E07CD /* stars_in_movies.csv */; };
		765765E11AACF623009E07CD /* DatabaseManager.swift in Sources */ = {isa = PBXBuildFile; fileRef = 765765D31AACF623009E07CD /* DatabaseManager.swift */; };
		765765E21AACF623009E07CD /* StatisticsManager.swift in Sources */ = {isa = PBXBuildFile; fileRef = 765765D41AACF623009E07CD /* StatisticsManager.swift */; };
		765765E31AACF623009E07CD /* StatisticsViewController.swift in Sources */ = {isa = PBXBuildFile; fileRef = 765765D51AACF623009E07CD /* StatisticsViewController.swift */; };
		765765E51AACF623009E07CD /* Movie.swift in Sources */ = {isa = PBXBuildFile; fileRef = 765765D71AACF623009E07CD /* Movie.swift */; };
		765765E61AACF623009E07CD /* Star.swift in Sources */ = {isa = PBXBuildFile; fileRef = 765765D81AACF623009E07CD /* Star.swift */; };
		76745BA01AAE677B001D71EC /* QuestionTemplate.swift in Sources */ = {isa = PBXBuildFile; fileRef = 76745B9F1AAE677B001D71EC /* QuestionTemplate.swift */; };
		76745BA31AAE6889001D71EC /* DirectorQuestion.swift in Sources */ = {isa = PBXBuildFile; fileRef = 76745BA21AAE6889001D71EC /* DirectorQuestion.swift */; };
		76D1EBA81AAE7EDF00456C24 /* DirectedQuestion.swift in Sources */ = {isa = PBXBuildFile; fileRef = 76D1EBA71AAE7EDF00456C24 /* DirectedQuestion.swift */; };
		76D1EBAD1AAE7F0000456C24 /* NotDirectedQuestion.swift in Sources */ = {isa = PBXBuildFile; fileRef = 76D1EBAC1AAE7F0000456C24 /* NotDirectedQuestion.swift */; };
		76D1EBAF1AAE7F2600456C24 /* AppearsInBothQuestion.swift in Sources */ = {isa = PBXBuildFile; fileRef = 76D1EBAE1AAE7F2600456C24 /* AppearsInBothQuestion.swift */; };
		76D1EBB11AAE7F6100456C24 /* NotAppearsWithQuestion.swift in Sources */ = {isa = PBXBuildFile; fileRef = 76D1EBB01AAE7F6100456C24 /* NotAppearsWithQuestion.swift */; };
		76D1EBB31AAE7F9F00456C24 /* DirectedInYearQuestion.swift in Sources */ = {isa = PBXBuildFile; fileRef = 76D1EBB21AAE7F9F00456C24 /* DirectedInYearQuestion.swift */; };
		76D1EBE71AAEB10A00456C24 /* libsqlite3.dylib in Frameworks */ = {isa = PBXBuildFile; fileRef = 76D1EBE61AAEB10A00456C24 /* libsqlite3.dylib */; };
		76E733A01AAE7D4400A34E31 /* ReleaseQuestion.swift in Sources */ = {isa = PBXBuildFile; fileRef = 76E7339F1AAE7D4400A34E31 /* ReleaseQuestion.swift */; };
		76E733A51AAE7DA500A34E31 /* AppearedInQuestion.swift in Sources */ = {isa = PBXBuildFile; fileRef = 76E733A41AAE7DA500A34E31 /* AppearedInQuestion.swift */; };
		76E733A71AAE7DE300A34E31 /* NotAppearedInQuestion.swift in Sources */ = {isa = PBXBuildFile; fileRef = 76E733A61AAE7DE300A34E31 /* NotAppearedInQuestion.swift */; };
		76E733A91AAE7E1500A34E31 /* AppearTogetherQuestion.swift in Sources */ = {isa = PBXBuildFile; fileRef = 76E733A81AAE7E1500A34E31 /* AppearTogetherQuestion.swift */; };
		76FF72511AAEC4D000A39EA6 /* SwiftData.swift in Sources */ = {isa = PBXBuildFile; fileRef = 76FF72501AAEC4D000A39EA6 /* SwiftData.swift */; };
/* End PBXBuildFile section */

/* Begin PBXContainerItemProxy section */
		765765BB1AACF5C0009E07CD /* PBXContainerItemProxy */ = {
			isa = PBXContainerItemProxy;
			containerPortal = 7657659D1AACF5C0009E07CD /* Project object */;
			proxyType = 1;
			remoteGlobalIDString = 765765A41AACF5C0009E07CD;
			remoteInfo = FabFlix;
		};
/* End PBXContainerItemProxy section */

/* Begin PBXFileReference section */
		09CA761A82F49D1DFA2D2897 /* Pods-FabFlix.release.xcconfig */ = {isa = PBXFileReference; includeInIndex = 1; lastKnownFileType = text.xcconfig; name = "Pods-FabFlix.release.xcconfig"; path = "Pods/Target Support Files/Pods-FabFlix/Pods-FabFlix.release.xcconfig"; sourceTree = "<group>"; };
		760C8EFD1AAE76AA002EC23C /* Question.swift */ = {isa = PBXFileReference; fileEncoding = 4; lastKnownFileType = sourcecode.swift; path = Question.swift; sourceTree = "<group>"; };
		765765A51AACF5C0009E07CD /* FabFlix.app */ = {isa = PBXFileReference; explicitFileType = wrapper.application; includeInIndex = 0; path = FabFlix.app; sourceTree = BUILT_PRODUCTS_DIR; };
		765765A91AACF5C0009E07CD /* Info.plist */ = {isa = PBXFileReference; lastKnownFileType = text.plist.xml; path = Info.plist; sourceTree = "<group>"; };
		765765AA1AACF5C0009E07CD /* AppDelegate.swift */ = {isa = PBXFileReference; lastKnownFileType = sourcecode.swift; path = AppDelegate.swift; sourceTree = "<group>"; };
		765765AF1AACF5C0009E07CD /* Base */ = {isa = PBXFileReference; lastKnownFileType = file.storyboard; name = Base; path = Base.lproj/Main.storyboard; sourceTree = "<group>"; };
		765765B11AACF5C0009E07CD /* Images.xcassets */ = {isa = PBXFileReference; lastKnownFileType = folder.assetcatalog; path = Images.xcassets; sourceTree = "<group>"; };
		765765B41AACF5C0009E07CD /* Base */ = {isa = PBXFileReference; lastKnownFileType = file.xib; name = Base; path = Base.lproj/LaunchScreen.xib; sourceTree = "<group>"; };
		765765BA1AACF5C0009E07CD /* FabFlixTests.xctest */ = {isa = PBXFileReference; explicitFileType = wrapper.cfbundle; includeInIndex = 0; path = FabFlixTests.xctest; sourceTree = BUILT_PRODUCTS_DIR; };
		765765BF1AACF5C0009E07CD /* Info.plist */ = {isa = PBXFileReference; lastKnownFileType = text.plist.xml; path = Info.plist; sourceTree = "<group>"; };
		765765C01AACF5C0009E07CD /* FabFlixTests.swift */ = {isa = PBXFileReference; lastKnownFileType = sourcecode.swift; path = FabFlixTests.swift; sourceTree = "<group>"; };
		765765CA1AACF623009E07CD /* AnswerTableViewCell.swift */ = {isa = PBXFileReference; fileEncoding = 4; lastKnownFileType = sourcecode.swift; path = AnswerTableViewCell.swift; sourceTree = "<group>"; };
		765765CB1AACF623009E07CD /* QuizSessionManager.swift */ = {isa = PBXFileReference; fileEncoding = 4; lastKnownFileType = sourcecode.swift; path = QuizSessionManager.swift; sourceTree = "<group>"; };
		765765CC1AACF623009E07CD /* BeginQuizViewController.swift */ = {isa = PBXFileReference; fileEncoding = 4; lastKnownFileType = sourcecode.swift; path = BeginQuizViewController.swift; sourceTree = "<group>"; };
		765765CD1AACF623009E07CD /* ResultsViewController.swift */ = {isa = PBXFileReference; fileEncoding = 4; lastKnownFileType = sourcecode.swift; path = ResultsViewController.swift; sourceTree = "<group>"; };
		765765CE1AACF623009E07CD /* QuestionViewController.swift */ = {isa = PBXFileReference; fileEncoding = 4; lastKnownFileType = sourcecode.swift; path = QuestionViewController.swift; sourceTree = "<group>"; };
		765765D01AACF623009E07CD /* movies.csv */ = {isa = PBXFileReference; fileEncoding = 4; lastKnownFileType = text; path = movies.csv; sourceTree = "<group>"; };
		765765D11AACF623009E07CD /* stars.csv */ = {isa = PBXFileReference; fileEncoding = 4; lastKnownFileType = text; path = stars.csv; sourceTree = "<group>"; };
		765765D21AACF623009E07CD /* stars_in_movies.csv */ = {isa = PBXFileReference; fileEncoding = 4; lastKnownFileType = text; path = stars_in_movies.csv; sourceTree = "<group>"; };
		765765D31AACF623009E07CD /* DatabaseManager.swift */ = {isa = PBXFileReference; fileEncoding = 4; lastKnownFileType = sourcecode.swift; path = DatabaseManager.swift; sourceTree = "<group>"; };
		765765D41AACF623009E07CD /* StatisticsManager.swift */ = {isa = PBXFileReference; fileEncoding = 4; lastKnownFileType = sourcecode.swift; path = StatisticsManager.swift; sourceTree = "<group>"; };
		765765D51AACF623009E07CD /* StatisticsViewController.swift */ = {isa = PBXFileReference; fileEncoding = 4; lastKnownFileType = sourcecode.swift; path = StatisticsViewController.swift; sourceTree = "<group>"; };
		765765D71AACF623009E07CD /* Movie.swift */ = {isa = PBXFileReference; fileEncoding = 4; lastKnownFileType = sourcecode.swift; path = Movie.swift; sourceTree = "<group>"; };
		765765D81AACF623009E07CD /* Star.swift */ = {isa = PBXFileReference; fileEncoding = 4; lastKnownFileType = sourcecode.swift; path = Star.swift; sourceTree = "<group>"; };
		76745B9F1AAE677B001D71EC /* QuestionTemplate.swift */ = {isa = PBXFileReference; fileEncoding = 4; lastKnownFileType = sourcecode.swift; path = QuestionTemplate.swift; sourceTree = "<group>"; };
		76745BA21AAE6889001D71EC /* DirectorQuestion.swift */ = {isa = PBXFileReference; fileEncoding = 4; lastKnownFileType = sourcecode.swift; path = DirectorQuestion.swift; sourceTree = "<group>"; };
		76D1EBA71AAE7EDF00456C24 /* DirectedQuestion.swift */ = {isa = PBXFileReference; fileEncoding = 4; lastKnownFileType = sourcecode.swift; path = DirectedQuestion.swift; sourceTree = "<group>"; };
		76D1EBAC1AAE7F0000456C24 /* NotDirectedQuestion.swift */ = {isa = PBXFileReference; fileEncoding = 4; lastKnownFileType = sourcecode.swift; path = NotDirectedQuestion.swift; sourceTree = "<group>"; };
		76D1EBAE1AAE7F2600456C24 /* AppearsInBothQuestion.swift */ = {isa = PBXFileReference; fileEncoding = 4; lastKnownFileType = sourcecode.swift; path = AppearsInBothQuestion.swift; sourceTree = "<group>"; };
		76D1EBB01AAE7F6100456C24 /* NotAppearsWithQuestion.swift */ = {isa = PBXFileReference; fileEncoding = 4; lastKnownFileType = sourcecode.swift; path = NotAppearsWithQuestion.swift; sourceTree = "<group>"; };
		76D1EBB21AAE7F9F00456C24 /* DirectedInYearQuestion.swift */ = {isa = PBXFileReference; fileEncoding = 4; lastKnownFileType = sourcecode.swift; path = DirectedInYearQuestion.swift; sourceTree = "<group>"; };
		76D1EBE61AAEB10A00456C24 /* libsqlite3.dylib */ = {isa = PBXFileReference; lastKnownFileType = "compiled.mach-o.dylib"; name = libsqlite3.dylib; path = usr/lib/libsqlite3.dylib; sourceTree = SDKROOT; };
		76D1EBEF1AAEB23E00456C24 /* FabFlix-Bridging-Header.h */ = {isa = PBXFileReference; lastKnownFileType = sourcecode.c.h; path = "FabFlix-Bridging-Header.h"; sourceTree = "<group>"; };
		76E7339F1AAE7D4400A34E31 /* ReleaseQuestion.swift */ = {isa = PBXFileReference; fileEncoding = 4; lastKnownFileType = sourcecode.swift; path = ReleaseQuestion.swift; sourceTree = "<group>"; };
		76E733A41AAE7DA500A34E31 /* AppearedInQuestion.swift */ = {isa = PBXFileReference; fileEncoding = 4; lastKnownFileType = sourcecode.swift; path = AppearedInQuestion.swift; sourceTree = "<group>"; };
		76E733A61AAE7DE300A34E31 /* NotAppearedInQuestion.swift */ = {isa = PBXFileReference; fileEncoding = 4; lastKnownFileType = sourcecode.swift; path = NotAppearedInQuestion.swift; sourceTree = "<group>"; };
		76E733A81AAE7E1500A34E31 /* AppearTogetherQuestion.swift */ = {isa = PBXFileReference; fileEncoding = 4; lastKnownFileType = sourcecode.swift; path = AppearTogetherQuestion.swift; sourceTree = "<group>"; };
		76FF72501AAEC4D000A39EA6 /* SwiftData.swift */ = {isa = PBXFileReference; fileEncoding = 4; lastKnownFileType = sourcecode.swift; path = SwiftData.swift; sourceTree = "<group>"; };
		A5CE9563897EF59DC8DD6670 /* Pods_FabFlix.framework */ = {isa = PBXFileReference; explicitFileType = wrapper.framework; includeInIndex = 0; path = Pods_FabFlix.framework; sourceTree = BUILT_PRODUCTS_DIR; };
		F8C2CCBB078AC4A0BFB990DC /* Pods-FabFlix.debug.xcconfig */ = {isa = PBXFileReference; includeInIndex = 1; lastKnownFileType = text.xcconfig; name = "Pods-FabFlix.debug.xcconfig"; path = "Pods/Target Support Files/Pods-FabFlix/Pods-FabFlix.debug.xcconfig"; sourceTree = "<group>"; };
/* End PBXFileReference section */

/* Begin PBXFrameworksBuildPhase section */
		765765A21AACF5C0009E07CD /* Frameworks */ = {
			isa = PBXFrameworksBuildPhase;
			buildActionMask = 2147483647;
			files = (
				76D1EBE71AAEB10A00456C24 /* libsqlite3.dylib in Frameworks */,
				749E75C129AAF1065EC2AB34 /* Pods_FabFlix.framework in Frameworks */,
			);
			runOnlyForDeploymentPostprocessing = 0;
		};
		765765B71AACF5C0009E07CD /* Frameworks */ = {
			isa = PBXFrameworksBuildPhase;
			buildActionMask = 2147483647;
			files = (
			);
			runOnlyForDeploymentPostprocessing = 0;
		};
/* End PBXFrameworksBuildPhase section */

/* Begin PBXGroup section */
		466940468DCC4FE05C9496A2 /* Frameworks */ = {
			isa = PBXGroup;
			children = (
				A5CE9563897EF59DC8DD6670 /* Pods_FabFlix.framework */,
			);
			name = Frameworks;
			sourceTree = "<group>";
		};
		5C384342930B407F4666068F /* Pods */ = {
			isa = PBXGroup;
			children = (
				F8C2CCBB078AC4A0BFB990DC /* Pods-FabFlix.debug.xcconfig */,
				09CA761A82F49D1DFA2D2897 /* Pods-FabFlix.release.xcconfig */,
			);
			name = Pods;
			sourceTree = "<group>";
		};
		7657659C1AACF5C0009E07CD = {
			isa = PBXGroup;
			children = (
				765765A71AACF5C0009E07CD /* FabFlix */,
				765765BD1AACF5C0009E07CD /* FabFlixTests */,
				765765A61AACF5C0009E07CD /* Products */,
				5C384342930B407F4666068F /* Pods */,
				466940468DCC4FE05C9496A2 /* Frameworks */,
			);
			sourceTree = "<group>";
		};
		765765A61AACF5C0009E07CD /* Products */ = {
			isa = PBXGroup;
			children = (
				765765A51AACF5C0009E07CD /* FabFlix.app */,
				765765BA1AACF5C0009E07CD /* FabFlixTests.xctest */,
			);
			name = Products;
			sourceTree = "<group>";
		};
		765765A71AACF5C0009E07CD /* FabFlix */ = {
			isa = PBXGroup;
			children = (
				765765AA1AACF5C0009E07CD /* AppDelegate.swift */,
				765765E81AACF642009E07CD /* UI */,
				765765EA1AACF65B009E07CD /* Managers */,
				765765EB1AACF66A009E07CD /* View Controllers */,
				765765E71AACF634009E07CD /* Model */,
				765765B11AACF5C0009E07CD /* Images.xcassets */,
				765765AE1AACF5C0009E07CD /* Main.storyboard */,
				765765B31AACF5C0009E07CD /* LaunchScreen.xib */,
				765765A81AACF5C0009E07CD /* Supporting Files */,
			);
			path = FabFlix;
			sourceTree = "<group>";
		};
		765765A81AACF5C0009E07CD /* Supporting Files */ = {
			isa = PBXGroup;
			children = (
				76FF72501AAEC4D000A39EA6 /* SwiftData.swift */,
				76D1EBE61AAEB10A00456C24 /* libsqlite3.dylib */,
				765765CF1AACF623009E07CD /* CSV Data */,
				765765A91AACF5C0009E07CD /* Info.plist */,
				76D1EBEF1AAEB23E00456C24 /* FabFlix-Bridging-Header.h */,
			);
			name = "Supporting Files";
			sourceTree = "<group>";
		};
		765765BD1AACF5C0009E07CD /* FabFlixTests */ = {
			isa = PBXGroup;
			children = (
				765765C01AACF5C0009E07CD /* FabFlixTests.swift */,
				765765BE1AACF5C0009E07CD /* Supporting Files */,
			);
			path = FabFlixTests;
			sourceTree = "<group>";
		};
		765765BE1AACF5C0009E07CD /* Supporting Files */ = {
			isa = PBXGroup;
			children = (
				765765BF1AACF5C0009E07CD /* Info.plist */,
			);
			name = "Supporting Files";
			sourceTree = "<group>";
		};
		765765CF1AACF623009E07CD /* CSV Data */ = {
			isa = PBXGroup;
			children = (
				765765D01AACF623009E07CD /* movies.csv */,
				765765D11AACF623009E07CD /* stars.csv */,
				765765D21AACF623009E07CD /* stars_in_movies.csv */,
			);
			path = "CSV Data";
			sourceTree = "<group>";
		};
		765765E71AACF634009E07CD /* Model */ = {
			isa = PBXGroup;
			children = (
				76745B9F1AAE677B001D71EC /* QuestionTemplate.swift */,
				76745BA11AAE6863001D71EC /* Questions */,
				765765D71AACF623009E07CD /* Movie.swift */,
				765765D81AACF623009E07CD /* Star.swift */,
				760C8EFD1AAE76AA002EC23C /* Question.swift */,
			);
			name = Model;
			sourceTree = "<group>";
		};
		765765E81AACF642009E07CD /* UI */ = {
			isa = PBXGroup;
			children = (
				765765E91AACF64C009E07CD /* TableViewCells */,
			);
			name = UI;
			sourceTree = "<group>";
		};
		765765E91AACF64C009E07CD /* TableViewCells */ = {
			isa = PBXGroup;
			children = (
				765765CA1AACF623009E07CD /* AnswerTableViewCell.swift */,
			);
			name = TableViewCells;
			sourceTree = "<group>";
		};
		765765EA1AACF65B009E07CD /* Managers */ = {
			isa = PBXGroup;
			children = (
				765765CB1AACF623009E07CD /* QuizSessionManager.swift */,
				765765D31AACF623009E07CD /* DatabaseManager.swift */,
				765765D41AACF623009E07CD /* StatisticsManager.swift */,
			);
			name = Managers;
			sourceTree = "<group>";
		};
		765765EB1AACF66A009E07CD /* View Controllers */ = {
			isa = PBXGroup;
			children = (
				765765EC1AACF673009E07CD /* Quiz */,
				765765ED1AACF679009E07CD /* Statistics */,
			);
			name = "View Controllers";
			sourceTree = "<group>";
		};
		765765EC1AACF673009E07CD /* Quiz */ = {
			isa = PBXGroup;
			children = (
				765765CC1AACF623009E07CD /* BeginQuizViewController.swift */,
				765765CD1AACF623009E07CD /* ResultsViewController.swift */,
				765765CE1AACF623009E07CD /* QuestionViewController.swift */,
			);
			name = Quiz;
			sourceTree = "<group>";
		};
		765765ED1AACF679009E07CD /* Statistics */ = {
			isa = PBXGroup;
			children = (
				765765D51AACF623009E07CD /* StatisticsViewController.swift */,
			);
			name = Statistics;
			sourceTree = "<group>";
		};
		76745BA11AAE6863001D71EC /* Questions */ = {
			isa = PBXGroup;
			children = (
				76745BA21AAE6889001D71EC /* DirectorQuestion.swift */,
				76E7339F1AAE7D4400A34E31 /* ReleaseQuestion.swift */,
				76E733A41AAE7DA500A34E31 /* AppearedInQuestion.swift */,
				76E733A61AAE7DE300A34E31 /* NotAppearedInQuestion.swift */,
				76E733A81AAE7E1500A34E31 /* AppearTogetherQuestion.swift */,
				76D1EBA71AAE7EDF00456C24 /* DirectedQuestion.swift */,
				76D1EBAC1AAE7F0000456C24 /* NotDirectedQuestion.swift */,
				76D1EBAE1AAE7F2600456C24 /* AppearsInBothQuestion.swift */,
				76D1EBB01AAE7F6100456C24 /* NotAppearsWithQuestion.swift */,
				76D1EBB21AAE7F9F00456C24 /* DirectedInYearQuestion.swift */,
			);
			name = Questions;
			sourceTree = "<group>";
		};
/* End PBXGroup section */

/* Begin PBXNativeTarget section */
		765765A41AACF5C0009E07CD /* FabFlix */ = {
			isa = PBXNativeTarget;
			buildConfigurationList = 765765C41AACF5C0009E07CD /* Build configuration list for PBXNativeTarget "FabFlix" */;
			buildPhases = (
				6B3956D3539910C38095126D /* Check Pods Manifest.lock */,
				765765A11AACF5C0009E07CD /* Sources */,
				765765A21AACF5C0009E07CD /* Frameworks */,
				765765A31AACF5C0009E07CD /* Resources */,
				198285E5E2288975C1735961 /* Embed Pods Frameworks */,
				AB33C7957B71562D0D847EE4 /* Copy Pods Resources */,
			);
			buildRules = (
			);
			dependencies = (
			);
			name = FabFlix;
			productName = FabFlix;
			productReference = 765765A51AACF5C0009E07CD /* FabFlix.app */;
			productType = "com.apple.product-type.application";
		};
		765765B91AACF5C0009E07CD /* FabFlixTests */ = {
			isa = PBXNativeTarget;
			buildConfigurationList = 765765C71AACF5C0009E07CD /* Build configuration list for PBXNativeTarget "FabFlixTests" */;
			buildPhases = (
				765765B61AACF5C0009E07CD /* Sources */,
				765765B71AACF5C0009E07CD /* Frameworks */,
				765765B81AACF5C0009E07CD /* Resources */,
			);
			buildRules = (
			);
			dependencies = (
				765765BC1AACF5C0009E07CD /* PBXTargetDependency */,
			);
			name = FabFlixTests;
			productName = FabFlixTests;
			productReference = 765765BA1AACF5C0009E07CD /* FabFlixTests.xctest */;
			productType = "com.apple.product-type.bundle.unit-test";
		};
/* End PBXNativeTarget section */

/* Begin PBXProject section */
		7657659D1AACF5C0009E07CD /* Project object */ = {
			isa = PBXProject;
			attributes = {
				LastUpgradeCheck = 0610;
				ORGANIZATIONNAME = FabFlix;
				TargetAttributes = {
					765765A41AACF5C0009E07CD = {
						CreatedOnToolsVersion = 6.1.1;
						DevelopmentTeam = C6SCM4VBU3;
					};
					765765B91AACF5C0009E07CD = {
						CreatedOnToolsVersion = 6.1.1;
						DevelopmentTeam = C6SCM4VBU3;
						TestTargetID = 765765A41AACF5C0009E07CD;
					};
				};
			};
			buildConfigurationList = 765765A01AACF5C0009E07CD /* Build configuration list for PBXProject "FabFlix" */;
			compatibilityVersion = "Xcode 3.2";
			developmentRegion = English;
			hasScannedForEncodings = 0;
			knownRegions = (
				en,
				Base,
			);
			mainGroup = 7657659C1AACF5C0009E07CD;
			productRefGroup = 765765A61AACF5C0009E07CD /* Products */;
			projectDirPath = "";
			projectRoot = "";
			targets = (
				765765A41AACF5C0009E07CD /* FabFlix */,
				765765B91AACF5C0009E07CD /* FabFlixTests */,
			);
		};
/* End PBXProject section */

/* Begin PBXResourcesBuildPhase section */
		765765A31AACF5C0009E07CD /* Resources */ = {
			isa = PBXResourcesBuildPhase;
			buildActionMask = 2147483647;
			files = (
				765765B01AACF5C0009E07CD /* Main.storyboard in Resources */,
				765765B51AACF5C0009E07CD /* LaunchScreen.xib in Resources */,
				765765E01AACF623009E07CD /* stars_in_movies.csv in Resources */,
				765765B21AACF5C0009E07CD /* Images.xcassets in Resources */,
				765765DF1AACF623009E07CD /* stars.csv in Resources */,
				765765DE1AACF623009E07CD /* movies.csv in Resources */,
			);
			runOnlyForDeploymentPostprocessing = 0;
		};
		765765B81AACF5C0009E07CD /* Resources */ = {
			isa = PBXResourcesBuildPhase;
			buildActionMask = 2147483647;
			files = (
			);
			runOnlyForDeploymentPostprocessing = 0;
		};
/* End PBXResourcesBuildPhase section */

/* Begin PBXShellScriptBuildPhase section */
		198285E5E2288975C1735961 /* Embed Pods Frameworks */ = {
			isa = PBXShellScriptBuildPhase;
			buildActionMask = 2147483647;
			files = (
			);
			inputPaths = (
			);
			name = "Embed Pods Frameworks";
			outputPaths = (
			);
			runOnlyForDeploymentPostprocessing = 0;
			shellPath = /bin/sh;
			shellScript = "\"${SRCROOT}/Pods/Target Support Files/Pods-FabFlix/Pods-FabFlix-frameworks.sh\"\n";
			showEnvVarsInLog = 0;
		};
		6B3956D3539910C38095126D /* Check Pods Manifest.lock */ = {
			isa = PBXShellScriptBuildPhase;
			buildActionMask = 2147483647;
			files = (
			);
			inputPaths = (
			);
			name = "Check Pods Manifest.lock";
			outputPaths = (
			);
			runOnlyForDeploymentPostprocessing = 0;
			shellPath = /bin/sh;
			shellScript = "diff \"${PODS_ROOT}/../Podfile.lock\" \"${PODS_ROOT}/Manifest.lock\" > /dev/null\nif [[ $? != 0 ]] ; then\n    cat << EOM\nerror: The sandbox is not in sync with the Podfile.lock. Run 'pod install' or update your CocoaPods installation.\nEOM\n    exit 1\nfi\n";
			showEnvVarsInLog = 0;
		};
		AB33C7957B71562D0D847EE4 /* Copy Pods Resources */ = {
			isa = PBXShellScriptBuildPhase;
			buildActionMask = 2147483647;
			files = (
			);
			inputPaths = (
			);
			name = "Copy Pods Resources";
			outputPaths = (
			);
			runOnlyForDeploymentPostprocessing = 0;
			shellPath = /bin/sh;
			shellScript = "\"${SRCROOT}/Pods/Target Support Files/Pods-FabFlix/Pods-FabFlix-resources.sh\"\n";
			showEnvVarsInLog = 0;
		};
/* End PBXShellScriptBuildPhase section */

/* Begin PBXSourcesBuildPhase section */
		765765A11AACF5C0009E07CD /* Sources */ = {
			isa = PBXSourcesBuildPhase;
			buildActionMask = 2147483647;
			files = (
				760C8EFE1AAE76AA002EC23C /* Question.swift in Sources */,
				76FF72511AAEC4D000A39EA6 /* SwiftData.swift in Sources */,
				765765E21AACF623009E07CD /* StatisticsManager.swift in Sources */,
				765765AB1AACF5C0009E07CD /* AppDelegate.swift in Sources */,
				76D1EBB31AAE7F9F00456C24 /* DirectedInYearQuestion.swift in Sources */,
				76745BA31AAE6889001D71EC /* DirectorQuestion.swift in Sources */,
				765765E61AACF623009E07CD /* Star.swift in Sources */,
				765765DB1AACF623009E07CD /* BeginQuizViewController.swift in Sources */,
				765765DD1AACF623009E07CD /* QuestionViewController.swift in Sources */,
				765765DA1AACF623009E07CD /* QuizSessionManager.swift in Sources */,
				765765DC1AACF623009E07CD /* ResultsViewController.swift in Sources */,
				76E733A51AAE7DA500A34E31 /* AppearedInQuestion.swift in Sources */,
				76D1EBAF1AAE7F2600456C24 /* AppearsInBothQuestion.swift in Sources */,
				76E733A01AAE7D4400A34E31 /* ReleaseQuestion.swift in Sources */,
				76745BA01AAE677B001D71EC /* QuestionTemplate.swift in Sources */,
				765765E31AACF623009E07CD /* StatisticsViewController.swift in Sources */,
				76D1EBB11AAE7F6100456C24 /* NotAppearsWithQuestion.swift in Sources */,
				76D1EBA81AAE7EDF00456C24 /* DirectedQuestion.swift in Sources */,
				765765D91AACF623009E07CD /* AnswerTableViewCell.swift in Sources */,
				76E733A71AAE7DE300A34E31 /* NotAppearedInQuestion.swift in Sources */,
				765765E51AACF623009E07CD /* Movie.swift in Sources */,
				76E733A91AAE7E1500A34E31 /* AppearTogetherQuestion.swift in Sources */,
				765765E11AACF623009E07CD /* DatabaseManager.swift in Sources */,
				76D1EBAD1AAE7F0000456C24 /* NotDirectedQuestion.swift in Sources */,
			);
			runOnlyForDeploymentPostprocessing = 0;
		};
		765765B61AACF5C0009E07CD /* Sources */ = {
			isa = PBXSourcesBuildPhase;
			buildActionMask = 2147483647;
			files = (
				765765C11AACF5C0009E07CD /* FabFlixTests.swift in Sources */,
			);
			runOnlyForDeploymentPostprocessing = 0;
		};
/* End PBXSourcesBuildPhase section */

/* Begin PBXTargetDependency section */
		765765BC1AACF5C0009E07CD /* PBXTargetDependency */ = {
			isa = PBXTargetDependency;
			target = 765765A41AACF5C0009E07CD /* FabFlix */;
			targetProxy = 765765BB1AACF5C0009E07CD /* PBXContainerItemProxy */;
		};
/* End PBXTargetDependency section */

/* Begin PBXVariantGroup section */
		765765AE1AACF5C0009E07CD /* Main.storyboard */ = {
			isa = PBXVariantGroup;
			children = (
				765765AF1AACF5C0009E07CD /* Base */,
			);
			name = Main.storyboard;
			sourceTree = "<group>";
		};
		765765B31AACF5C0009E07CD /* LaunchScreen.xib */ = {
			isa = PBXVariantGroup;
			children = (
				765765B41AACF5C0009E07CD /* Base */,
			);
			name = LaunchScreen.xib;
			sourceTree = "<group>";
		};
/* End PBXVariantGroup section */

/* Begin XCBuildConfiguration section */
		765765C21AACF5C0009E07CD /* Debug */ = {
			isa = XCBuildConfiguration;
			buildSettings = {
				ALWAYS_SEARCH_USER_PATHS = NO;
				CLANG_CXX_LANGUAGE_STANDARD = "gnu++0x";
				CLANG_CXX_LIBRARY = "libc++";
				CLANG_ENABLE_MODULES = YES;
				CLANG_ENABLE_OBJC_ARC = YES;
				CLANG_WARN_BOOL_CONVERSION = YES;
				CLANG_WARN_CONSTANT_CONVERSION = YES;
				CLANG_WARN_DIRECT_OBJC_ISA_USAGE = YES_ERROR;
				CLANG_WARN_EMPTY_BODY = YES;
				CLANG_WARN_ENUM_CONVERSION = YES;
				CLANG_WARN_INT_CONVERSION = YES;
				CLANG_WARN_OBJC_ROOT_CLASS = YES_ERROR;
				CLANG_WARN_UNREACHABLE_CODE = YES;
				CLANG_WARN__DUPLICATE_METHOD_MATCH = YES;
				"CODE_SIGN_IDENTITY[sdk=iphoneos*]" = "iPhone Developer";
				COPY_PHASE_STRIP = NO;
				ENABLE_STRICT_OBJC_MSGSEND = YES;
				GCC_C_LANGUAGE_STANDARD = gnu99;
				GCC_DYNAMIC_NO_PIC = NO;
				GCC_OPTIMIZATION_LEVEL = 0;
				GCC_PREPROCESSOR_DEFINITIONS = (
					"DEBUG=1",
					"$(inherited)",
				);
				GCC_SYMBOLS_PRIVATE_EXTERN = NO;
				GCC_WARN_64_TO_32_BIT_CONVERSION = YES;
				GCC_WARN_ABOUT_RETURN_TYPE = YES_ERROR;
				GCC_WARN_UNDECLARED_SELECTOR = YES;
				GCC_WARN_UNINITIALIZED_AUTOS = YES_AGGRESSIVE;
				GCC_WARN_UNUSED_FUNCTION = YES;
				GCC_WARN_UNUSED_VARIABLE = YES;
				IPHONEOS_DEPLOYMENT_TARGET = 8.1;
				MTL_ENABLE_DEBUG_INFO = YES;
				ONLY_ACTIVE_ARCH = YES;
				SDKROOT = iphoneos;
				SWIFT_OPTIMIZATION_LEVEL = "-Onone";
			};
			name = Debug;
		};
		765765C31AACF5C0009E07CD /* Release */ = {
			isa = XCBuildConfiguration;
			buildSettings = {
				ALWAYS_SEARCH_USER_PATHS = NO;
				CLANG_CXX_LANGUAGE_STANDARD = "gnu++0x";
				CLANG_CXX_LIBRARY = "libc++";
				CLANG_ENABLE_MODULES = YES;
				CLANG_ENABLE_OBJC_ARC = YES;
				CLANG_WARN_BOOL_CONVERSION = YES;
				CLANG_WARN_CONSTANT_CONVERSION = YES;
				CLANG_WARN_DIRECT_OBJC_ISA_USAGE = YES_ERROR;
				CLANG_WARN_EMPTY_BODY = YES;
				CLANG_WARN_ENUM_CONVERSION = YES;
				CLANG_WARN_INT_CONVERSION = YES;
				CLANG_WARN_OBJC_ROOT_CLASS = YES_ERROR;
				CLANG_WARN_UNREACHABLE_CODE = YES;
				CLANG_WARN__DUPLICATE_METHOD_MATCH = YES;
				"CODE_SIGN_IDENTITY[sdk=iphoneos*]" = "iPhone Developer";
				COPY_PHASE_STRIP = YES;
				ENABLE_NS_ASSERTIONS = NO;
				ENABLE_STRICT_OBJC_MSGSEND = YES;
				GCC_C_LANGUAGE_STANDARD = gnu99;
				GCC_WARN_64_TO_32_BIT_CONVERSION = YES;
				GCC_WARN_ABOUT_RETURN_TYPE = YES_ERROR;
				GCC_WARN_UNDECLARED_SELECTOR = YES;
				GCC_WARN_UNINITIALIZED_AUTOS = YES_AGGRESSIVE;
				GCC_WARN_UNUSED_FUNCTION = YES;
				GCC_WARN_UNUSED_VARIABLE = YES;
				IPHONEOS_DEPLOYMENT_TARGET = 8.1;
				MTL_ENABLE_DEBUG_INFO = NO;
				SDKROOT = iphoneos;
				VALIDATE_PRODUCT = YES;
			};
			name = Release;
		};
		765765C51AACF5C0009E07CD /* Debug */ = {
			isa = XCBuildConfiguration;
			baseConfigurationReference = F8C2CCBB078AC4A0BFB990DC /* Pods-FabFlix.debug.xcconfig */;
			buildSettings = {
				ASSETCATALOG_COMPILER_APPICON_NAME = AppIcon;
				INFOPLIST_FILE = FabFlix/Info.plist;
				LD_RUNPATH_SEARCH_PATHS = "$(inherited) @executable_path/Frameworks";
				PRODUCT_NAME = "$(TARGET_NAME)";
				SWIFT_OBJC_BRIDGING_HEADER = "FabFlix/FabFlix-Bridging-Header.h";
			};
			name = Debug;
		};
		765765C61AACF5C0009E07CD /* Release */ = {
			isa = XCBuildConfiguration;
			baseConfigurationReference = 09CA761A82F49D1DFA2D2897 /* Pods-FabFlix.release.xcconfig */;
			buildSettings = {
				ASSETCATALOG_COMPILER_APPICON_NAME = AppIcon;
				INFOPLIST_FILE = FabFlix/Info.plist;
				LD_RUNPATH_SEARCH_PATHS = "$(inherited) @executable_path/Frameworks";
				PRODUCT_NAME = "$(TARGET_NAME)";
				SWIFT_OBJC_BRIDGING_HEADER = "FabFlix/FabFlix-Bridging-Header.h";
			};
			name = Release;
		};
		765765C81AACF5C0009E07CD /* Debug */ = {
			isa = XCBuildConfiguration;
			buildSettings = {
				BUNDLE_LOADER = "$(TEST_HOST)";
				CODE_SIGN_IDENTITY = "iPhone Developer";
				"CODE_SIGN_IDENTITY[sdk=iphoneos*]" = "iPhone Developer";
				FRAMEWORK_SEARCH_PATHS = (
					"$(SDKROOT)/Developer/Library/Frameworks",
					"$(inherited)",
				);
				GCC_PREPROCESSOR_DEFINITIONS = (
					"DEBUG=1",
					"$(inherited)",
				);
				INFOPLIST_FILE = FabFlixTests/Info.plist;
				LD_RUNPATH_SEARCH_PATHS = "$(inherited) @executable_path/Frameworks @loader_path/Frameworks";
				PRODUCT_NAME = "$(TARGET_NAME)";
				PROVISIONING_PROFILE = "";
				TEST_HOST = "$(BUILT_PRODUCTS_DIR)/FabFlix.app/FabFlix";
			};
			name = Debug;
		};
		765765C91AACF5C0009E07CD /* Release */ = {
			isa = XCBuildConfiguration;
			buildSettings = {
				BUNDLE_LOADER = "$(TEST_HOST)";
				CODE_SIGN_IDENTITY = "iPhone Developer";
				"CODE_SIGN_IDENTITY[sdk=iphoneos*]" = "iPhone Developer";
				FRAMEWORK_SEARCH_PATHS = (
					"$(SDKROOT)/Developer/Library/Frameworks",
					"$(inherited)",
				);
				INFOPLIST_FILE = FabFlixTests/Info.plist;
				LD_RUNPATH_SEARCH_PATHS = "$(inherited) @executable_path/Frameworks @loader_path/Frameworks";
				PRODUCT_NAME = "$(TARGET_NAME)";
				PROVISIONING_PROFILE = "";
				TEST_HOST = "$(BUILT_PRODUCTS_DIR)/FabFlix.app/FabFlix";
			};
			name = Release;
		};
/* End XCBuildConfiguration section */

/* Begin XCConfigurationList section */
		765765A01AACF5C0009E07CD /* Build configuration list for PBXProject "FabFlix" */ = {
			isa = XCConfigurationList;
			buildConfigurations = (
				765765C21AACF5C0009E07CD /* Debug */,
				765765C31AACF5C0009E07CD /* Release */,
			);
			defaultConfigurationIsVisible = 0;
			defaultConfigurationName = Release;
		};
		765765C41AACF5C0009E07CD /* Build configuration list for PBXNativeTarget "FabFlix" */ = {
			isa = XCConfigurationList;
			buildConfigurations = (
				765765C51AACF5C0009E07CD /* Debug */,
				765765C61AACF5C0009E07CD /* Release */,
			);
			defaultConfigurationIsVisible = 0;
			defaultConfigurationName = Release;
		};
		765765C71AACF5C0009E07CD /* Build configuration list for PBXNativeTarget "FabFlixTests" */ = {
			isa = XCConfigurationList;
			buildConfigurations = (
				765765C81AACF5C0009E07CD /* Debug */,
				765765C91AACF5C0009E07CD /* Release */,
			);
			defaultConfigurationIsVisible = 0;
			defaultConfigurationName = Release;
		};
/* End XCConfigurationList section */
	};
	rootObject = 7657659D1AACF5C0009E07CD /* Project object */;
}
